
Microsoft Visual Studio Solution File, Format Version 12.00
# Visual Studio Version 17
VisualStudioVersion = 17.11.35222.181
MinimumVisualStudioVersion = 10.0.40219.1
Project("{FAE04EC0-301F-11D3-BF4B-00C04F79EFBC}") = "finalprojectxz", "finalprojectxz\finalprojectxz.csproj", "{4FEAF358-3C06-46C8-A983-7D2A722C8B9B}"
EndProject
Global
	GlobalSection(SolutionConfigurationPlatforms) = preSolution
		Debug|Any CPU = Debug|Any CPU
		Release|Any CPU = Release|Any CPU
	EndGlobalSection
	GlobalSection(ProjectConfigurationPlatforms) = postSolution
		{4FEAF358-3C06-46C8-A983-7D2A722C8B9B}.Debug|Any CPU.ActiveCfg = Debug|Any CPU
		{4FEAF358-3C06-46C8-A983-7D2A722C8B9B}.Debug|Any CPU.Build.0 = Debug|Any CPU
		{4FEAF358-3C06-46C8-A983-7D2A722C8B9B}.Release|Any CPU.ActiveCfg = Release|Any CPU
		{4FEAF358-3C06-46C8-A983-7D2A722C8B9B}.Release|Any CPU.Build.0 = Release|Any CPU
	EndGlobalSection
	GlobalSection(SolutionProperties) = preSolution
		HideSolutionNode = FALSE
	EndGlobalSection
	GlobalSection(ExtensibilityGlobals) = postSolution
		SolutionGuid = {EA6393B3-F4D1-4AF4-A0FF-46944A090DF6}
	EndGlobalSection
EndGlobal
